// !$*UTF8*$!
{
	archiveVersion = 1;
	classes = {
	};
	objectVersion = 50;
	objects = {

/* Begin PBXBuildFile section */
		388C3BD526BE7355008BF853 /* AppDelegate.swift in Sources */ = {isa = PBXBuildFile; fileRef = 388C3BD426BE7355008BF853 /* AppDelegate.swift */; };
		388C3BD726BE7355008BF853 /* SceneDelegate.swift in Sources */ = {isa = PBXBuildFile; fileRef = 388C3BD626BE7355008BF853 /* SceneDelegate.swift */; };
		388C3BD926BE7355008BF853 /* ViewController.swift in Sources */ = {isa = PBXBuildFile; fileRef = 388C3BD826BE7355008BF853 /* ViewController.swift */; };
		388C3BDC26BE7355008BF853 /* Main.storyboard in Resources */ = {isa = PBXBuildFile; fileRef = 388C3BDA26BE7355008BF853 /* Main.storyboard */; };
		388C3BDE26BE7355008BF853 /* Assets.xcassets in Resources */ = {isa = PBXBuildFile; fileRef = 388C3BDD26BE7355008BF853 /* Assets.xcassets */; };
		388C3BE126BE7355008BF853 /* LaunchScreen.storyboard in Resources */ = {isa = PBXBuildFile; fileRef = 388C3BDF26BE7355008BF853 /* LaunchScreen.storyboard */; };
/* End PBXBuildFile section */

/* Begin PBXFileReference section */
		388C3BD126BE7355008BF853 /* Smog test.app */ = {isa = PBXFileReference; explicitFileType = wrapper.application; includeInIndex = 0; path = "Smog test.app"; sourceTree = BUILT_PRODUCTS_DIR; };
		388C3BD426BE7355008BF853 /* AppDelegate.swift */ = {isa = PBXFileReference; lastKnownFileType = sourcecode.swift; path = AppDelegate.swift; sourceTree = "<group>"; };
		388C3BD626BE7355008BF853 /* SceneDelegate.swift */ = {isa = PBXFileReference; lastKnownFileType = sourcecode.swift; path = SceneDelegate.swift; sourceTree = "<group>"; };
		388C3BD826BE7355008BF853 /* ViewController.swift */ = {isa = PBXFileReference; lastKnownFileType = sourcecode.swift; path = ViewController.swift; sourceTree = "<group>"; };
		388C3BDB26BE7355008BF853 /* Base */ = {isa = PBXFileReference; lastKnownFileType = file.storyboard; name = Base; path = Base.lproj/Main.storyboard; sourceTree = "<group>"; };
		388C3BDD26BE7355008BF853 /* Assets.xcassets */ = {isa = PBXFileReference; lastKnownFileType = folder.assetcatalog; path = Assets.xcassets; sourceTree = "<group>"; };
		388C3BE026BE7355008BF853 /* Base */ = {isa = PBXFileReference; lastKnownFileType = file.storyboard; name = Base; path = Base.lproj/LaunchScreen.storyboard; sourceTree = "<group>"; };
		388C3BE226BE7355008BF853 /* Info.plist */ = {isa = PBXFileReference; lastKnownFileType = text.plist.xml; path = Info.plist; sourceTree = "<group>"; };
/* End PBXFileReference section */

/* Begin PBXFrameworksBuildPhase section */
		388C3BCE26BE7355008BF853 /* Frameworks */ = {
			isa = PBXFrameworksBuildPhase;
			buildActionMask = 2147483647;
			files = (
			);
			runOnlyForDeploymentPostprocessing = 0;
		};
/* End PBXFrameworksBuildPhase section */

/* Begin PBXGroup section */
		388C3BC826BE7355008BF853 = {
			isa = PBXGroup;
			children = (
				388C3BD326BE7355008BF853 /* Smog test */,
				388C3BD226BE7355008BF853 /* Products */,
			);
			sourceTree = "<group>";
		};
		388C3BD226BE7355008BF853 /* Products */ = {
			isa = PBXGroup;
			children = (
				388C3BD126BE7355008BF853 /* Smog test.app */,
			);
			name = Products;
			sourceTree = "<group>";
		};
		388C3BD326BE7355008BF853 /* Smog test */ = {
			isa = PBXGroup;
			children = (
				388C3BD426BE7355008BF853 /* AppDelegate.swift */,
				388C3BD626BE7355008BF853 /* SceneDelegate.swift */,
				388C3BD826BE7355008BF853 /* ViewController.swift */,
				388C3BDA26BE7355008BF853 /* Main.storyboard */,
				388C3BDD26BE7355008BF853 /* Assets.xcassets */,
				388C3BDF26BE7355008BF853 /* LaunchScreen.storyboard */,
				388C3BE226BE7355008BF853 /* Info.plist */,
			);
			path = "Smog test";
			sourceTree = "<group>";
		};
/* End PBXGroup section */

/* Begin PBXNativeTarget section */
		388C3BD026BE7355008BF853 /* Smog test */ = {
			isa = PBXNativeTarget;
			buildConfigurationList = 388C3BE526BE7355008BF853 /* Build configuration list for PBXNativeTarget "Smog test" */;
			buildPhases = (
				388C3BCD26BE7355008BF853 /* Sources */,
				388C3BCE26BE7355008BF853 /* Frameworks */,
				388C3BCF26BE7355008BF853 /* Resources */,
			);
			buildRules = (
			);
			dependencies = (
			);
			name = "Smog test";
			productName = "Smog test";
			productReference = 388C3BD126BE7355008BF853 /* Smog test.app */;
			productType = "com.apple.product-type.application";
		};
/* End PBXNativeTarget section */

/* Begin PBXProject section */
		388C3BC926BE7355008BF853 /* Project object */ = {
			isa = PBXProject;
			attributes = {
				LastSwiftUpdateCheck = 1240;
				LastUpgradeCheck = 1240;
				TargetAttributes = {
					388C3BD026BE7355008BF853 = {
						CreatedOnToolsVersion = 12.4;
					};
				};
			};
			buildConfigurationList = 388C3BCC26BE7355008BF853 /* Build configuration list for PBXProject "Smog test" */;
			compatibilityVersion = "Xcode 9.3";
			developmentRegion = en;
			hasScannedForEncodings = 0;
			knownRegions = (
				en,
				Base,
			);
			mainGroup = 388C3BC826BE7355008BF853;
			productRefGroup = 388C3BD226BE7355008BF853 /* Products */;
			projectDirPath = "";
			projectRoot = "";
			targets = (
				388C3BD026BE7355008BF853 /* Smog test */,
			);
		};
/* End PBXProject section */

/* Begin PBXResourcesBuildPhase section */
		388C3BCF26BE7355008BF853 /* Resources */ = {
			isa = PBXResourcesBuildPhase;
			buildActionMask = 2147483647;
			files = (
				388C3BE126BE7355008BF853 /* LaunchScreen.storyboard in Resources */,
				388C3BDE26BE7355008BF853 /* Assets.xcassets in Resources */,
				388C3BDC26BE7355008BF853 /* Main.storyboard in Resources */,
			);
			runOnlyForDeploymentPostprocessing = 0;
		};
/* End PBXResourcesBuildPhase section */

/* Begin PBXSourcesBuildPhase section */
		388C3BCD26BE7355008BF853 /* Sources */ = {
			isa = PBXSourcesBuildPhase;
			buildActionMask = 2147483647;
			files = (
				388C3BD926BE7355008BF853 /* ViewController.swift in Sources */,
				388C3BD526BE7355008BF853 /* AppDelegate.swift in Sources */,
				388C3BD726BE7355008BF853 /* SceneDelegate.swift in Sources */,
			);
			runOnlyForDeploymentPostprocessing = 0;
		};
/* End PBXSourcesBuildPhase section */

/* Begin PBXVariantGroup section */
		388C3BDA26BE7355008BF853 /* Main.storyboard */ = {
			isa = PBXVariantGroup;
			children = (
				388C3BDB26BE7355008BF853 /* Base */,
			);
			name = Main.storyboard;
			sourceTree = "<group>";
		};
		388C3BDF26BE7355008BF853 /* LaunchScreen.storyboard */ = {
			isa = PBXVariantGroup;
			children = (
				388C3BE026BE7355008BF853 /* Base */,
			);
			name = LaunchScreen.storyboard;
			sourceTree = "<group>";
		};
/* End PBXVariantGroup section */

/* Begin XCBuildConfiguration section */
		388C3BE326BE7355008BF853 /* Debug */ = {
			isa = XCBuildConfiguration;
			buildSettings = {
				ALWAYS_SEARCH_USER_PATHS = NO;
				CLANG_ANALYZER_NONNULL = YES;
				CLANG_ANALYZER_NUMBER_OBJECT_CONVERSION = YES_AGGRESSIVE;
				CLANG_CXX_LANGUAGE_STANDARD = "gnu++14";
				CLANG_CXX_LIBRARY = "libc++";
				CLANG_ENABLE_MODULES = YES;
				CLANG_ENABLE_OBJC_ARC = YES;
				CLANG_ENABLE_OBJC_WEAK = YES;
				CLANG_WARN_BLOCK_CAPTURE_AUTORELEASING = YES;
				CLANG_WARN_BOOL_CONVERSION = YES;
				CLANG_WARN_COMMA = YES;
				CLANG_WARN_CONSTANT_CONVERSION = YES;
				CLANG_WARN_DEPRECATED_OBJC_IMPLEMENTATIONS = YES;
				CLANG_WARN_DIRECT_OBJC_ISA_USAGE = YES_ERROR;
				CLANG_WARN_DOCUMENTATION_COMMENTS = YES;
				CLANG_WARN_EMPTY_BODY = YES;
				CLANG_WARN_ENUM_CONVERSION = YES;
				CLANG_WARN_INFINITE_RECURSION = YES;
				CLANG_WARN_INT_CONVERSION = YES;
				CLANG_WARN_NON_LITERAL_NULL_CONVERSION = YES;
				CLANG_WARN_OBJC_IMPLICIT_RETAIN_SELF = YES;
				CLANG_WARN_OBJC_LITERAL_CONVERSION = YES;
				CLANG_WARN_OBJC_ROOT_CLASS = YES_ERROR;
				CLANG_WARN_QUOTED_INCLUDE_IN_FRAMEWORK_HEADER = YES;
				CLANG_WARN_RANGE_LOOP_ANALYSIS = YES;
				CLANG_WARN_STRICT_PROTOTYPES = YES;
				CLANG_WARN_SUSPICIOUS_MOVE = YES;
				CLANG_WARN_UNGUARDED_AVAILABILITY = YES_AGGRESSIVE;
				CLANG_WARN_UNREACHABLE_CODE = YES;
				CLANG_WARN__DUPLICATE_METHOD_MATCH = YES;
				COPY_PHASE_STRIP = NO;
				DEBUG_INFORMATION_FORMAT = dwarf;
				ENABLE_STRICT_OBJC_MSGSEND = YES;
				ENABLE_TESTABILITY = YES;
				GCC_C_LANGUAGE_STANDARD = gnu11;
				GCC_DYNAMIC_NO_PIC = NO;
				GCC_NO_COMMON_BLOCKS = YES;
				GCC_OPTIMIZATION_LEVEL = 0;
				GCC_PREPROCESSOR_DEFINITIONS = (
					"DEBUG=1",
					"$(inherited)",
				);
				GCC_WARN_64_TO_32_BIT_CONVERSION = YES;
				GCC_WARN_ABOUT_RETURN_TYPE = YES_ERROR;
				GCC_WARN_UNDECLARED_SELECTOR = YES;
				GCC_WARN_UNINITIALIZED_AUTOS = YES_AGGRESSIVE;
				GCC_WARN_UNUSED_FUNCTION = YES;
				GCC_WARN_UNUSED_VARIABLE = YES;
				IPHONEOS_DEPLOYMENT_TARGET = 14.4;
				MTL_ENABLE_DEBUG_INFO = INCLUDE_SOURCE;
				MTL_FAST_MATH = YES;
				ONLY_ACTIVE_ARCH = YES;
				SDKROOT = iphoneos;
				SWIFT_ACTIVE_COMPILATION_CONDITIONS = DEBUG;
				SWIFT_OPTIMIZATION_LEVEL = "-Onone";
			};
			name = Debug;
		};
		388C3BE426BE7355008BF853 /* Release */ = {
			isa = XCBuildConfiguration;
			buildSettings = {
				ALWAYS_SEARCH_USER_PATHS = NO;
				CLANG_ANALYZER_NONNULL = YES;
				CLANG_ANALYZER_NUMBER_OBJECT_CONVERSION = YES_AGGRESSIVE;
				CLANG_CXX_LANGUAGE_STANDARD = "gnu++14";
				CLANG_CXX_LIBRARY = "libc++";
				CLANG_ENABLE_MODULES = YES;
				CLANG_ENABLE_OBJC_ARC = YES;
				CLANG_ENABLE_OBJC_WEAK = YES;
				CLANG_WARN_BLOCK_CAPTURE_AUTORELEASING = YES;
				CLANG_WARN_BOOL_CONVERSION = YES;
				CLANG_WARN_COMMA = YES;
				CLANG_WARN_CONSTANT_CONVERSION = YES;
				CLANG_WARN_DEPRECATED_OBJC_IMPLEMENTATIONS = YES;
				CLANG_WARN_DIRECT_OBJC_ISA_USAGE = YES_ERROR;
				CLANG_WARN_DOCUMENTATION_COMMENTS = YES;
				CLANG_WARN_EMPTY_BODY = YES;
				CLANG_WARN_ENUM_CONVERSION = YES;
				CLANG_WARN_INFINITE_RECURSION = YES;
				CLANG_WARN_INT_CONVERSION = YES;
				CLANG_WARN_NON_LITERAL_NULL_CONVERSION = YES;
				CLANG_WARN_OBJC_IMPLICIT_RETAIN_SELF = YES;
				CLANG_WARN_OBJC_LITERAL_CONVERSION = YES;
				CLANG_WARN_OBJC_ROOT_CLASS = YES_ERROR;
				CLANG_WARN_QUOTED_INCLUDE_IN_FRAMEWORK_HEADER = YES;
				CLANG_WARN_RANGE_LOOP_ANALYSIS = YES;
				CLANG_WARN_STRICT_PROTOTYPES = YES;
				CLANG_WARN_SUSPICIOUS_MOVE = YES;
				CLANG_WARN_UNGUARDED_AVAILABILITY = YES_AGGRESSIVE;
				CLANG_WARN_UNREACHABLE_CODE = YES;
				CLANG_WARN__DUPLICATE_METHOD_MATCH = YES;
				COPY_PHASE_STRIP = NO;
				DEBUG_INFORMATION_FORMAT = "dwarf-with-dsym";
				ENABLE_NS_ASSERTIONS = NO;
				ENABLE_STRICT_OBJC_MSGSEND = YES;
				GCC_C_LANGUAGE_STANDARD = gnu11;
				GCC_NO_COMMON_BLOCKS = YES;
				GCC_WARN_64_TO_32_BIT_CONVERSION = YES;
				GCC_WARN_ABOUT_RETURN_TYPE = YES_ERROR;
				GCC_WARN_UNDECLARED_SELECTOR = YES;
				GCC_WARN_UNINITIALIZED_AUTOS = YES_AGGRESSIVE;
				GCC_WARN_UNUSED_FUNCTION = YES;
				GCC_WARN_UNUSED_VARIABLE = YES;
				IPHONEOS_DEPLOYMENT_TARGET = 14.4;
				MTL_ENABLE_DEBUG_INFO = NO;
				MTL_FAST_MATH = YES;
				SDKROOT = iphoneos;
				SWIFT_COMPILATION_MODE = wholemodule;
				SWIFT_OPTIMIZATION_LEVEL = "-O";
				VALIDATE_PRODUCT = YES;
			};
			name = Release;
		};
		388C3BE626BE7355008BF853 /* Debug */ = {
			isa = XCBuildConfiguration;
			buildSettings = {
				ASSETCATALOG_COMPILER_APPICON_NAME = AppIcon;
				ASSETCATALOG_COMPILER_GLOBAL_ACCENT_COLOR_NAME = AccentColor;
				CODE_SIGN_STYLE = Automatic;
				DEVELOPMENT_TEAM = 99QHEE7B97;
				INFOPLIST_FILE = "Smog test/Info.plist";
				LD_RUNPATH_SEARCH_PATHS = (
					"$(inherited)",
					"@executable_path/Frameworks",
				);
				PRODUCT_BUNDLE_IDENTIFIER = "test.smog.com.Smog-test";
				PRODUCT_NAME = "$(TARGET_NAME)";
				SWIFT_VERSION = 5.0;
				TARGETED_DEVICE_FAMILY = "1,2";
			};
			name = Debug;
		};
		388C3BE726BE7355008BF853 /* Release */ = {
			isa = XCBuildConfiguration;
			buildSettings = {
				ASSETCATALOG_COMPILER_APPICON_NAME = AppIcon;
				ASSETCATALOG_COMPILER_GLOBAL_ACCENT_COLOR_NAME = AccentColor;
				CODE_SIGN_STYLE = Automatic;
				DEVELOPMENT_TEAM = 99QHEE7B97;
				INFOPLIST_FILE = "Smog test/Info.plist";
				LD_RUNPATH_SEARCH_PATHS = (
					"$(inherited)",
					"@executable_path/Frameworks",
				);
				PRODUCT_BUNDLE_IDENTIFIER = "test.smog.com.Smog-test";
				PRODUCT_NAME = "$(TARGET_NAME)";
				SWIFT_VERSION = 5.0;
				TARGETED_DEVICE_FAMILY = "1,2";
			};
			name = Release;
		};
/* End XCBuildConfiguration section */

/* Begin XCConfigurationList section */
		388C3BCC26BE7355008BF853 /* Build configuration list for PBXProject "Smog test" */ = {
			isa = XCConfigurationList;
			buildConfigurations = (
				388C3BE326BE7355008BF853 /* Debug */,
				388C3BE426BE7355008BF853 /* Release */,
			);
			defaultConfigurationIsVisible = 0;
			defaultConfigurationName = Release;
		};
		388C3BE526BE7355008BF853 /* Build configuration list for PBXNativeTarget "Smog test" */ = {
			isa = XCConfigurationList;
			buildConfigurations = (
				388C3BE626BE7355008BF853 /* Debug */,
				388C3BE726BE7355008BF853 /* Release */,
			);
			defaultConfigurationIsVisible = 0;
			defaultConfigurationName = Release;
		};
/* End XCConfigurationList section */
	};
	rootObject = 388C3BC926BE7355008BF853 /* Project object */;
}
